
Microsoft Visual Studio Solution File, Format Version 12.00
Project("{FAE04EC0-301F-11D3-BF4B-00C04F79EFBC}") = "Knowledge_Base_API", "Knowledge_Base_API\Knowledge_Base_API.csproj", "{C84B52A6-19F9-4A3D-954B-5166ADB7AA17}"
EndProject
Global
	GlobalSection(SolutionConfigurationPlatforms) = preSolution
		Debug|Any CPU = Debug|Any CPU
		Release|Any CPU = Release|Any CPU
	EndGlobalSection
	GlobalSection(ProjectConfigurationPlatforms) = postSolution
		{C84B52A6-19F9-4A3D-954B-5166ADB7AA17}.Debug|Any CPU.ActiveCfg = Debug|Any CPU
		{C84B52A6-19F9-4A3D-954B-5166ADB7AA17}.Debug|Any CPU.Build.0 = Debug|Any CPU
		{C84B52A6-19F9-4A3D-954B-5166ADB7AA17}.Release|Any CPU.ActiveCfg = Release|Any CPU
		{C84B52A6-19F9-4A3D-954B-5166ADB7AA17}.Release|Any CPU.Build.0 = Release|Any CPU
	EndGlobalSection
EndGlobal
